# This file is automatically @generated by Cargo.
# It is not intended for manual editing.
[[package]]
name = "alpm"
version = "0.1.0"
dependencies = [
 "alpm-sys 0.1.0",
 "bitflags 1.0.4 (registry+https://github.com/rust-lang/crates.io-index)",
 "libarchive 0.1.1 (registry+https://github.com/rust-lang/crates.io-index)",
 "libarchive3-sys 0.1.2 (registry+https://github.com/rust-lang/crates.io-index)",
]

[[package]]
name = "alpm-sys"
version = "0.1.0"

[[package]]
name = "bitflags"
version = "1.0.4"
source = "registry+https://github.com/rust-lang/crates.io-index"

[[package]]
name = "libarchive"
version = "0.1.1"
source = "registry+https://github.com/rust-lang/crates.io-index"
dependencies = [
 "libarchive3-sys 0.1.2 (registry+https://github.com/rust-lang/crates.io-index)",
 "libc 0.2.58 (registry+https://github.com/rust-lang/crates.io-index)",
]

[[package]]
name = "libarchive3-sys"
version = "0.1.2"
source = "registry+https://github.com/rust-lang/crates.io-index"
dependencies = [
 "libc 0.2.58 (registry+https://github.com/rust-lang/crates.io-index)",
 "pkg-config 0.3.14 (registry+https://github.com/rust-lang/crates.io-index)",
]

[[package]]
name = "libc"
version = "0.2.58"
source = "registry+https://github.com/rust-lang/crates.io-index"

[[package]]
name = "pkg-config"
version = "0.3.14"
source = "registry+https://github.com/rust-lang/crates.io-index"

[metadata]
"checksum bitflags 1.0.4 (registry+https://github.com/rust-lang/crates.io-index)" = "228047a76f468627ca71776ecdebd732a3423081fcf5125585bcd7c49886ce12"
"checksum libarchive 0.1.1 (registry+https://github.com/rust-lang/crates.io-index)" = "3da06b22cd19af338a40f5d44a0aa6352ae43839d0855a049881cbc7e1b9c914"
"checksum libarchive3-sys 0.1.2 (registry+https://github.com/rust-lang/crates.io-index)" = "3cd3beae8f59a4c7a806523269b5392037577c150446e88d684dfa6de6031ca7"
"checksum libc 0.2.58 (registry+https://github.com/rust-lang/crates.io-index)" = "6281b86796ba5e4366000be6e9e18bf35580adf9e63fbe2294aadb587613a319"
"checksum pkg-config 0.3.14 (registry+https://github.com/rust-lang/crates.io-index)" = "676e8eb2b1b4c9043511a9b7bea0915320d7e502b0a079fb03f9635a5252b18c"
